<Solution>
  <Project Path="MyLibrary.DbModel/MyLibrary.DbModel.csproj" />
  <Project Path="MyLibrary.JsonRepositoryModel/MyLibrary.JsonRepositoryModel.csproj" />
  <Project Path="MyLibrary.RepositoryModel/MyLibrary.RepositoryModel.csproj" />
  <Project Path="MyLibrary.ApiModel/MyLibrary.ApiModel.csproj" />
  <Project Path="MyNewMvcProject/MyNewMvcProject.csproj" />
</Solution>
